
Microsoft Visual Studio Solution File, Format Version 12.00
# Visual Studio Version 17
VisualStudioVersion = 17.1.32421.90
MinimumVisualStudioVersion = 10.0.40219.1
Project("{FAE04EC0-301F-11D3-BF4B-00C04F79EFBC}") = "Övning3a", "Övning3a\Övning3a.csproj", "{EE07C2E2-9469-4145-BC02-99755136B72A}"
EndProject
Global
	GlobalSection(SolutionConfigurationPlatforms) = preSolution
		Debug|Any CPU = Debug|Any CPU
		Release|Any CPU = Release|Any CPU
	EndGlobalSection
	GlobalSection(ProjectConfigurationPlatforms) = postSolution
		{EE07C2E2-9469-4145-BC02-99755136B72A}.Debug|Any CPU.ActiveCfg = Debug|Any CPU
		{EE07C2E2-9469-4145-BC02-99755136B72A}.Debug|Any CPU.Build.0 = Debug|Any CPU
		{EE07C2E2-9469-4145-BC02-99755136B72A}.Release|Any CPU.ActiveCfg = Release|Any CPU
		{EE07C2E2-9469-4145-BC02-99755136B72A}.Release|Any CPU.Build.0 = Release|Any CPU
	EndGlobalSection
	GlobalSection(SolutionProperties) = preSolution
		HideSolutionNode = FALSE
	EndGlobalSection
	GlobalSection(ExtensibilityGlobals) = postSolution
		SolutionGuid = {D7E9A641-7A1F-44CF-854C-20BF9275D113}
	EndGlobalSection
EndGlobal
